
Microsoft Visual Studio Solution File, Format Version 12.00
# Visual Studio 16
Project("{FAE04EC0-301F-11D3-BF4B-00C04F79EFBC}") = "Assembly-CSharp", "Assembly-CSharp.csproj", "{05643FDF-5E1D-6807-E827-FD43FF0B4353}"
EndProject
Project("{FAE04EC0-301F-11D3-BF4B-00C04F79EFBC}") = "Assembly-CSharp-Editor", "Assembly-CSharp-Editor.csproj", "{8B6E62F9-A3B5-0ACF-6A0A-949A60973D79}"
EndProject
Global
	GlobalSection(SolutionConfigurationPlatforms) = preSolution
		Debug|Any CPU = Debug|Any CPU
		Release|Any CPU = Release|Any CPU
	EndGlobalSection
	GlobalSection(ProjectConfigurationPlatforms) = postSolution
		{05643FDF-5E1D-6807-E827-FD43FF0B4353}.Debug|Any CPU.ActiveCfg = Debug|Any CPU
		{05643FDF-5E1D-6807-E827-FD43FF0B4353}.Debug|Any CPU.Build.0 = Debug|Any CPU
		{05643FDF-5E1D-6807-E827-FD43FF0B4353}.Release|Any CPU.ActiveCfg = Release|Any CPU
		{05643FDF-5E1D-6807-E827-FD43FF0B4353}.Release|Any CPU.Build.0 = Release|Any CPU
		{8B6E62F9-A3B5-0ACF-6A0A-949A60973D79}.Debug|Any CPU.ActiveCfg = Debug|Any CPU
		{8B6E62F9-A3B5-0ACF-6A0A-949A60973D79}.Debug|Any CPU.Build.0 = Debug|Any CPU
		{8B6E62F9-A3B5-0ACF-6A0A-949A60973D79}.Release|Any CPU.ActiveCfg = Release|Any CPU
		{8B6E62F9-A3B5-0ACF-6A0A-949A60973D79}.Release|Any CPU.Build.0 = Release|Any CPU
	EndGlobalSection
	GlobalSection(SolutionProperties) = preSolution
		HideSolutionNode = FALSE
	EndGlobalSection
EndGlobal
